// !$*UTF8*$!
{
	archiveVersion = 1;
	classes = {
	};
	objectVersion = 50;
	objects = {

/* Begin PBXBuildFile section */
		3DC59851214AF1150070DC45 /* AppDelegate.swift in Sources */ = {isa = PBXBuildFile; fileRef = 3DC59850214AF1150070DC45 /* AppDelegate.swift */; };
		3DC59853214AF1150070DC45 /* ViewController.swift in Sources */ = {isa = PBXBuildFile; fileRef = 3DC59852214AF1150070DC45 /* ViewController.swift */; };
		3DC59856214AF1150070DC45 /* Main.storyboard in Resources */ = {isa = PBXBuildFile; fileRef = 3DC59854214AF1150070DC45 /* Main.storyboard */; };
		3DC59858214AF11A0070DC45 /* Assets.xcassets in Resources */ = {isa = PBXBuildFile; fileRef = 3DC59857214AF11A0070DC45 /* Assets.xcassets */; };
		3DC5985B214AF11A0070DC45 /* LaunchScreen.storyboard in Resources */ = {isa = PBXBuildFile; fileRef = 3DC59859214AF11A0070DC45 /* LaunchScreen.storyboard */; };
		3DC59866214AF11A0070DC45 /* PickerTests.swift in Sources */ = {isa = PBXBuildFile; fileRef = 3DC59865214AF11A0070DC45 /* PickerTests.swift */; };
		3DC59871214AF11A0070DC45 /* PickerUITests.swift in Sources */ = {isa = PBXBuildFile; fileRef = 3DC59870214AF11A0070DC45 /* PickerUITests.swift */; };
/* End PBXBuildFile section */

/* Begin PBXContainerItemProxy section */
		3DC59862214AF11A0070DC45 /* PBXContainerItemProxy */ = {
			isa = PBXContainerItemProxy;
			containerPortal = 3DC59845214AF1150070DC45 /* Project object */;
			proxyType = 1;
			remoteGlobalIDString = 3DC5984C214AF1150070DC45;
			remoteInfo = Picker;
		};
		3DC5986D214AF11A0070DC45 /* PBXContainerItemProxy */ = {
			isa = PBXContainerItemProxy;
			containerPortal = 3DC59845214AF1150070DC45 /* Project object */;
			proxyType = 1;
			remoteGlobalIDString = 3DC5984C214AF1150070DC45;
			remoteInfo = Picker;
		};
/* End PBXContainerItemProxy section */

/* Begin PBXFileReference section */
		3DC5984D214AF1150070DC45 /* Picker.app */ = {isa = PBXFileReference; explicitFileType = wrapper.application; includeInIndex = 0; path = Picker.app; sourceTree = BUILT_PRODUCTS_DIR; };
		3DC59850214AF1150070DC45 /* AppDelegate.swift */ = {isa = PBXFileReference; lastKnownFileType = sourcecode.swift; path = AppDelegate.swift; sourceTree = "<group>"; };
		3DC59852214AF1150070DC45 /* ViewController.swift */ = {isa = PBXFileReference; lastKnownFileType = sourcecode.swift; path = ViewController.swift; sourceTree = "<group>"; };
		3DC59855214AF1150070DC45 /* Base */ = {isa = PBXFileReference; lastKnownFileType = file.storyboard; name = Base; path = Base.lproj/Main.storyboard; sourceTree = "<group>"; };
		3DC59857214AF11A0070DC45 /* Assets.xcassets */ = {isa = PBXFileReference; lastKnownFileType = folder.assetcatalog; path = Assets.xcassets; sourceTree = "<group>"; };
		3DC5985A214AF11A0070DC45 /* Base */ = {isa = PBXFileReference; lastKnownFileType = file.storyboard; name = Base; path = Base.lproj/LaunchScreen.storyboard; sourceTree = "<group>"; };
		3DC5985C214AF11A0070DC45 /* Info.plist */ = {isa = PBXFileReference; lastKnownFileType = text.plist.xml; path = Info.plist; sourceTree = "<group>"; };
		3DC59861214AF11A0070DC45 /* PickerTests.xctest */ = {isa = PBXFileReference; explicitFileType = wrapper.cfbundle; includeInIndex = 0; path = PickerTests.xctest; sourceTree = BUILT_PRODUCTS_DIR; };
		3DC59865214AF11A0070DC45 /* PickerTests.swift */ = {isa = PBXFileReference; lastKnownFileType = sourcecode.swift; path = PickerTests.swift; sourceTree = "<group>"; };
		3DC59867214AF11A0070DC45 /* Info.plist */ = {isa = PBXFileReference; lastKnownFileType = text.plist.xml; path = Info.plist; sourceTree = "<group>"; };
		3DC5986C214AF11A0070DC45 /* PickerUITests.xctest */ = {isa = PBXFileReference; explicitFileType = wrapper.cfbundle; includeInIndex = 0; path = PickerUITests.xctest; sourceTree = BUILT_PRODUCTS_DIR; };
		3DC59870214AF11A0070DC45 /* PickerUITests.swift */ = {isa = PBXFileReference; lastKnownFileType = sourcecode.swift; path = PickerUITests.swift; sourceTree = "<group>"; };
		3DC59872214AF11A0070DC45 /* Info.plist */ = {isa = PBXFileReference; lastKnownFileType = text.plist.xml; path = Info.plist; sourceTree = "<group>"; };
/* End PBXFileReference section */

/* Begin PBXFrameworksBuildPhase section */
		3DC5984A214AF1150070DC45 /* Frameworks */ = {
			isa = PBXFrameworksBuildPhase;
			buildActionMask = 2147483647;
			files = (
			);
			runOnlyForDeploymentPostprocessing = 0;
		};
		3DC5985E214AF11A0070DC45 /* Frameworks */ = {
			isa = PBXFrameworksBuildPhase;
			buildActionMask = 2147483647;
			files = (
			);
			runOnlyForDeploymentPostprocessing = 0;
		};
		3DC59869214AF11A0070DC45 /* Frameworks */ = {
			isa = PBXFrameworksBuildPhase;
			buildActionMask = 2147483647;
			files = (
			);
			runOnlyForDeploymentPostprocessing = 0;
		};
/* End PBXFrameworksBuildPhase section */

/* Begin PBXGroup section */
		3DC59844214AF1150070DC45 = {
			isa = PBXGroup;
			children = (
				3DC5984F214AF1150070DC45 /* Picker */,
				3DC59864214AF11A0070DC45 /* PickerTests */,
				3DC5986F214AF11A0070DC45 /* PickerUITests */,
				3DC5984E214AF1150070DC45 /* Products */,
			);
			sourceTree = "<group>";
		};
		3DC5984E214AF1150070DC45 /* Products */ = {
			isa = PBXGroup;
			children = (
				3DC5984D214AF1150070DC45 /* Picker.app */,
				3DC59861214AF11A0070DC45 /* PickerTests.xctest */,
				3DC5986C214AF11A0070DC45 /* PickerUITests.xctest */,
			);
			name = Products;
			sourceTree = "<group>";
		};
		3DC5984F214AF1150070DC45 /* Picker */ = {
			isa = PBXGroup;
			children = (
				3DC59850214AF1150070DC45 /* AppDelegate.swift */,
				3DC59852214AF1150070DC45 /* ViewController.swift */,
				3DC59854214AF1150070DC45 /* Main.storyboard */,
				3DC59857214AF11A0070DC45 /* Assets.xcassets */,
				3DC59859214AF11A0070DC45 /* LaunchScreen.storyboard */,
				3DC5985C214AF11A0070DC45 /* Info.plist */,
			);
			path = Picker;
			sourceTree = "<group>";
		};
		3DC59864214AF11A0070DC45 /* PickerTests */ = {
			isa = PBXGroup;
			children = (
				3DC59865214AF11A0070DC45 /* PickerTests.swift */,
				3DC59867214AF11A0070DC45 /* Info.plist */,
			);
			path = PickerTests;
			sourceTree = "<group>";
		};
		3DC5986F214AF11A0070DC45 /* PickerUITests */ = {
			isa = PBXGroup;
			children = (
				3DC59870214AF11A0070DC45 /* PickerUITests.swift */,
				3DC59872214AF11A0070DC45 /* Info.plist */,
			);
			path = PickerUITests;
			sourceTree = "<group>";
		};
/* End PBXGroup section */

/* Begin PBXNativeTarget section */
		3DC5984C214AF1150070DC45 /* Picker */ = {
			isa = PBXNativeTarget;
			buildConfigurationList = 3DC59875214AF11A0070DC45 /* Build configuration list for PBXNativeTarget "Picker" */;
			buildPhases = (
				3DC59849214AF1150070DC45 /* Sources */,
				3DC5984A214AF1150070DC45 /* Frameworks */,
				3DC5984B214AF1150070DC45 /* Resources */,
			);
			buildRules = (
			);
			dependencies = (
			);
			name = Picker;
			productName = Picker;
			productReference = 3DC5984D214AF1150070DC45 /* Picker.app */;
			productType = "com.apple.product-type.application";
		};
		3DC59860214AF11A0070DC45 /* PickerTests */ = {
			isa = PBXNativeTarget;
			buildConfigurationList = 3DC59878214AF11A0070DC45 /* Build configuration list for PBXNativeTarget "PickerTests" */;
			buildPhases = (
				3DC5985D214AF11A0070DC45 /* Sources */,
				3DC5985E214AF11A0070DC45 /* Frameworks */,
				3DC5985F214AF11A0070DC45 /* Resources */,
			);
			buildRules = (
			);
			dependencies = (
				3DC59863214AF11A0070DC45 /* PBXTargetDependency */,
			);
			name = PickerTests;
			productName = PickerTests;
			productReference = 3DC59861214AF11A0070DC45 /* PickerTests.xctest */;
			productType = "com.apple.product-type.bundle.unit-test";
		};
		3DC5986B214AF11A0070DC45 /* PickerUITests */ = {
			isa = PBXNativeTarget;
			buildConfigurationList = 3DC5987B214AF11A0070DC45 /* Build configuration list for PBXNativeTarget "PickerUITests" */;
			buildPhases = (
				3DC59868214AF11A0070DC45 /* Sources */,
				3DC59869214AF11A0070DC45 /* Frameworks */,
				3DC5986A214AF11A0070DC45 /* Resources */,
			);
			buildRules = (
			);
			dependencies = (
				3DC5986E214AF11A0070DC45 /* PBXTargetDependency */,
			);
			name = PickerUITests;
			productName = PickerUITests;
			productReference = 3DC5986C214AF11A0070DC45 /* PickerUITests.xctest */;
			productType = "com.apple.product-type.bundle.ui-testing";
		};
/* End PBXNativeTarget section */

/* Begin PBXProject section */
		3DC59845214AF1150070DC45 /* Project object */ = {
			isa = PBXProject;
			attributes = {
				LastSwiftUpdateCheck = 0940;
				LastUpgradeCheck = 0940;
				ORGANIZATIONNAME = Alumno;
				TargetAttributes = {
					3DC5984C214AF1150070DC45 = {
						CreatedOnToolsVersion = 9.4.1;
					};
					3DC59860214AF11A0070DC45 = {
						CreatedOnToolsVersion = 9.4.1;
						TestTargetID = 3DC5984C214AF1150070DC45;
					};
					3DC5986B214AF11A0070DC45 = {
						CreatedOnToolsVersion = 9.4.1;
						TestTargetID = 3DC5984C214AF1150070DC45;
					};
				};
			};
			buildConfigurationList = 3DC59848214AF1150070DC45 /* Build configuration list for PBXProject "Picker" */;
			compatibilityVersion = "Xcode 9.3";
			developmentRegion = en;
			hasScannedForEncodings = 0;
			knownRegions = (
				en,
				Base,
			);
			mainGroup = 3DC59844214AF1150070DC45;
			productRefGroup = 3DC5984E214AF1150070DC45 /* Products */;
			projectDirPath = "";
			projectRoot = "";
			targets = (
				3DC5984C214AF1150070DC45 /* Picker */,
				3DC59860214AF11A0070DC45 /* PickerTests */,
				3DC5986B214AF11A0070DC45 /* PickerUITests */,
			);
		};
/* End PBXProject section */

/* Begin PBXResourcesBuildPhase section */
		3DC5984B214AF1150070DC45 /* Resources */ = {
			isa = PBXResourcesBuildPhase;
			buildActionMask = 2147483647;
			files = (
				3DC5985B214AF11A0070DC45 /* LaunchScreen.storyboard in Resources */,
				3DC59858214AF11A0070DC45 /* Assets.xcassets in Resources */,
				3DC59856214AF1150070DC45 /* Main.storyboard in Resources */,
			);
			runOnlyForDeploymentPostprocessing = 0;
		};
		3DC5985F214AF11A0070DC45 /* Resources */ = {
			isa = PBXResourcesBuildPhase;
			buildActionMask = 2147483647;
			files = (
			);
			runOnlyForDeploymentPostprocessing = 0;
		};
		3DC5986A214AF11A0070DC45 /* Resources */ = {
			isa = PBXResourcesBuildPhase;
			buildActionMask = 2147483647;
			files = (
			);
			runOnlyForDeploymentPostprocessing = 0;
		};
/* End PBXResourcesBuildPhase section */

/* Begin PBXSourcesBuildPhase section */
		3DC59849214AF1150070DC45 /* Sources */ = {
			isa = PBXSourcesBuildPhase;
			buildActionMask = 2147483647;
			files = (
				3DC59853214AF1150070DC45 /* ViewController.swift in Sources */,
				3DC59851214AF1150070DC45 /* AppDelegate.swift in Sources */,
			);
			runOnlyForDeploymentPostprocessing = 0;
		};
		3DC5985D214AF11A0070DC45 /* Sources */ = {
			isa = PBXSourcesBuildPhase;
			buildActionMask = 2147483647;
			files = (
				3DC59866214AF11A0070DC45 /* PickerTests.swift in Sources */,
			);
			runOnlyForDeploymentPostprocessing = 0;
		};
		3DC59868214AF11A0070DC45 /* Sources */ = {
			isa = PBXSourcesBuildPhase;
			buildActionMask = 2147483647;
			files = (
				3DC59871214AF11A0070DC45 /* PickerUITests.swift in Sources */,
			);
			runOnlyForDeploymentPostprocessing = 0;
		};
/* End PBXSourcesBuildPhase section */

/* Begin PBXTargetDependency section */
		3DC59863214AF11A0070DC45 /* PBXTargetDependency */ = {
			isa = PBXTargetDependency;
			target = 3DC5984C214AF1150070DC45 /* Picker */;
			targetProxy = 3DC59862214AF11A0070DC45 /* PBXContainerItemProxy */;
		};
		3DC5986E214AF11A0070DC45 /* PBXTargetDependency */ = {
			isa = PBXTargetDependency;
			target = 3DC5984C214AF1150070DC45 /* Picker */;
			targetProxy = 3DC5986D214AF11A0070DC45 /* PBXContainerItemProxy */;
		};
/* End PBXTargetDependency section */

/* Begin PBXVariantGroup section */
		3DC59854214AF1150070DC45 /* Main.storyboard */ = {
			isa = PBXVariantGroup;
			children = (
				3DC59855214AF1150070DC45 /* Base */,
			);
			name = Main.storyboard;
			sourceTree = "<group>";
		};
		3DC59859214AF11A0070DC45 /* LaunchScreen.storyboard */ = {
			isa = PBXVariantGroup;
			children = (
				3DC5985A214AF11A0070DC45 /* Base */,
			);
			name = LaunchScreen.storyboard;
			sourceTree = "<group>";
		};
/* End PBXVariantGroup section */

/* Begin XCBuildConfiguration section */
		3DC59873214AF11A0070DC45 /* Debug */ = {
			isa = XCBuildConfiguration;
			buildSettings = {
				ALWAYS_SEARCH_USER_PATHS = NO;
				CLANG_ANALYZER_NONNULL = YES;
				CLANG_ANALYZER_NUMBER_OBJECT_CONVERSION = YES_AGGRESSIVE;
				CLANG_CXX_LANGUAGE_STANDARD = "gnu++14";
				CLANG_CXX_LIBRARY = "libc++";
				CLANG_ENABLE_MODULES = YES;
				CLANG_ENABLE_OBJC_ARC = YES;
				CLANG_ENABLE_OBJC_WEAK = YES;
				CLANG_WARN_BLOCK_CAPTURE_AUTORELEASING = YES;
				CLANG_WARN_BOOL_CONVERSION = YES;
				CLANG_WARN_COMMA = YES;
				CLANG_WARN_CONSTANT_CONVERSION = YES;
				CLANG_WARN_DEPRECATED_OBJC_IMPLEMENTATIONS = YES;
				CLANG_WARN_DIRECT_OBJC_ISA_USAGE = YES_ERROR;
				CLANG_WARN_DOCUMENTATION_COMMENTS = YES;
				CLANG_WARN_EMPTY_BODY = YES;
				CLANG_WARN_ENUM_CONVERSION = YES;
				CLANG_WARN_INFINITE_RECURSION = YES;
				CLANG_WARN_INT_CONVERSION = YES;
				CLANG_WARN_NON_LITERAL_NULL_CONVERSION = YES;
				CLANG_WARN_OBJC_IMPLICIT_RETAIN_SELF = YES;
				CLANG_WARN_OBJC_LITERAL_CONVERSION = YES;
				CLANG_WARN_OBJC_ROOT_CLASS = YES_ERROR;
				CLANG_WARN_RANGE_LOOP_ANALYSIS = YES;
				CLANG_WARN_STRICT_PROTOTYPES = YES;
				CLANG_WARN_SUSPICIOUS_MOVE = YES;
				CLANG_WARN_UNGUARDED_AVAILABILITY = YES_AGGRESSIVE;
				CLANG_WARN_UNREACHABLE_CODE = YES;
				CLANG_WARN__DUPLICATE_METHOD_MATCH = YES;
				CODE_SIGN_IDENTITY = "iPhone Developer";
				COPY_PHASE_STRIP = NO;
				DEBUG_INFORMATION_FORMAT = dwarf;
				ENABLE_STRICT_OBJC_MSGSEND = YES;
				ENABLE_TESTABILITY = YES;
				GCC_C_LANGUAGE_STANDARD = gnu11;
				GCC_DYNAMIC_NO_PIC = NO;
				GCC_NO_COMMON_BLOCKS = YES;
				GCC_OPTIMIZATION_LEVEL = 0;
				GCC_PREPROCESSOR_DEFINITIONS = (
					"DEBUG=1",
					"$(inherited)",
				);
				GCC_WARN_64_TO_32_BIT_CONVERSION = YES;
				GCC_WARN_ABOUT_RETURN_TYPE = YES_ERROR;
				GCC_WARN_UNDECLARED_SELECTOR = YES;
				GCC_WARN_UNINITIALIZED_AUTOS = YES_AGGRESSIVE;
				GCC_WARN_UNUSED_FUNCTION = YES;
				GCC_WARN_UNUSED_VARIABLE = YES;
				IPHONEOS_DEPLOYMENT_TARGET = 11.4;
				MTL_ENABLE_DEBUG_INFO = YES;
				ONLY_ACTIVE_ARCH = YES;
				SDKROOT = iphoneos;
				SWIFT_ACTIVE_COMPILATION_CONDITIONS = DEBUG;
				SWIFT_OPTIMIZATION_LEVEL = "-Onone";
			};
			name = Debug;
		};
		3DC59874214AF11A0070DC45 /* Release */ = {
			isa = XCBuildConfiguration;
			buildSettings = {
				ALWAYS_SEARCH_USER_PATHS = NO;
				CLANG_ANALYZER_NONNULL = YES;
				CLANG_ANALYZER_NUMBER_OBJECT_CONVERSION = YES_AGGRESSIVE;
				CLANG_CXX_LANGUAGE_STANDARD = "gnu++14";
				CLANG_CXX_LIBRARY = "libc++";
				CLANG_ENABLE_MODULES = YES;
				CLANG_ENABLE_OBJC_ARC = YES;
				CLANG_ENABLE_OBJC_WEAK = YES;
				CLANG_WARN_BLOCK_CAPTURE_AUTORELEASING = YES;
				CLANG_WARN_BOOL_CONVERSION = YES;
				CLANG_WARN_COMMA = YES;
				CLANG_WARN_CONSTANT_CONVERSION = YES;
				CLANG_WARN_DEPRECATED_OBJC_IMPLEMENTATIONS = YES;
				CLANG_WARN_DIRECT_OBJC_ISA_USAGE = YES_ERROR;
				CLANG_WARN_DOCUMENTATION_COMMENTS = YES;
				CLANG_WARN_EMPTY_BODY = YES;
				CLANG_WARN_ENUM_CONVERSION = YES;
				CLANG_WARN_INFINITE_RECURSION = YES;
				CLANG_WARN_INT_CONVERSION = YES;
				CLANG_WARN_NON_LITERAL_NULL_CONVERSION = YES;
				CLANG_WARN_OBJC_IMPLICIT_RETAIN_SELF = YES;
				CLANG_WARN_OBJC_LITERAL_CONVERSION = YES;
				CLANG_WARN_OBJC_ROOT_CLASS = YES_ERROR;
				CLANG_WARN_RANGE_LOOP_ANALYSIS = YES;
				CLANG_WARN_STRICT_PROTOTYPES = YES;
				CLANG_WARN_SUSPICIOUS_MOVE = YES;
				CLANG_WARN_UNGUARDED_AVAILABILITY = YES_AGGRESSIVE;
				CLANG_WARN_UNREACHABLE_CODE = YES;
				CLANG_WARN__DUPLICATE_METHOD_MATCH = YES;
				CODE_SIGN_IDENTITY = "iPhone Developer";
				COPY_PHASE_STRIP = NO;
				DEBUG_INFORMATION_FORMAT = "dwarf-with-dsym";
				ENABLE_NS_ASSERTIONS = NO;
				ENABLE_STRICT_OBJC_MSGSEND = YES;
				GCC_C_LANGUAGE_STANDARD = gnu11;
				GCC_NO_COMMON_BLOCKS = YES;
				GCC_WARN_64_TO_32_BIT_CONVERSION = YES;
				GCC_WARN_ABOUT_RETURN_TYPE = YES_ERROR;
				GCC_WARN_UNDECLARED_SELECTOR = YES;
				GCC_WARN_UNINITIALIZED_AUTOS = YES_AGGRESSIVE;
				GCC_WARN_UNUSED_FUNCTION = YES;
				GCC_WARN_UNUSED_VARIABLE = YES;
				IPHONEOS_DEPLOYMENT_TARGET = 11.4;
				MTL_ENABLE_DEBUG_INFO = NO;
				SDKROOT = iphoneos;
				SWIFT_COMPILATION_MODE = wholemodule;
				SWIFT_OPTIMIZATION_LEVEL = "-O";
				VALIDATE_PRODUCT = YES;
			};
			name = Release;
		};
		3DC59876214AF11A0070DC45 /* Debug */ = {
			isa = XCBuildConfiguration;
			buildSettings = {
				ASSETCATALOG_COMPILER_APPICON_NAME = AppIcon;
				CODE_SIGN_STYLE = Automatic;
				INFOPLIST_FILE = Picker/Info.plist;
				LD_RUNPATH_SEARCH_PATHS = (
					"$(inherited)",
					"@executable_path/Frameworks",
				);
				PRODUCT_BUNDLE_IDENTIFIER = ulsa.edu.Picker;
				PRODUCT_NAME = "$(TARGET_NAME)";
				SWIFT_VERSION = 4.0;
				TARGETED_DEVICE_FAMILY = "1,2";
			};
			name = Debug;
		};
		3DC59877214AF11A0070DC45 /* Release */ = {
			isa = XCBuildConfiguration;
			buildSettings = {
				ASSETCATALOG_COMPILER_APPICON_NAME = AppIcon;
				CODE_SIGN_STYLE = Automatic;
				INFOPLIST_FILE = Picker/Info.plist;
				LD_RUNPATH_SEARCH_PATHS = (
					"$(inherited)",
					"@executable_path/Frameworks",
				);
				PRODUCT_BUNDLE_IDENTIFIER = ulsa.edu.Picker;
				PRODUCT_NAME = "$(TARGET_NAME)";
				SWIFT_VERSION = 4.0;
				TARGETED_DEVICE_FAMILY = "1,2";
			};
			name = Release;
		};
		3DC59879214AF11A0070DC45 /* Debug */ = {
			isa = XCBuildConfiguration;
			buildSettings = {
				ALWAYS_EMBED_SWIFT_STANDARD_LIBRARIES = YES;
				BUNDLE_LOADER = "$(TEST_HOST)";
				CODE_SIGN_STYLE = Automatic;
				INFOPLIST_FILE = PickerTests/Info.plist;
				LD_RUNPATH_SEARCH_PATHS = (
					"$(inherited)",
					"@executable_path/Frameworks",
					"@loader_path/Frameworks",
				);
				PRODUCT_BUNDLE_IDENTIFIER = ulsa.edu.PickerTests;
				PRODUCT_NAME = "$(TARGET_NAME)";
				SWIFT_VERSION = 4.0;
				TARGETED_DEVICE_FAMILY = "1,2";
				TEST_HOST = "$(BUILT_PRODUCTS_DIR)/Picker.app/Picker";
			};
			name = Debug;
		};
		3DC5987A214AF11A0070DC45 /* Release */ = {
			isa = XCBuildConfiguration;
			buildSettings = {
				ALWAYS_EMBED_SWIFT_STANDARD_LIBRARIES = YES;
				BUNDLE_LOADER = "$(TEST_HOST)";
				CODE_SIGN_STYLE = Automatic;
				INFOPLIST_FILE = PickerTests/Info.plist;
				LD_RUNPATH_SEARCH_PATHS = (
					"$(inherited)",
					"@executable_path/Frameworks",
					"@loader_path/Frameworks",
				);
				PRODUCT_BUNDLE_IDENTIFIER = ulsa.edu.PickerTests;
				PRODUCT_NAME = "$(TARGET_NAME)";
				SWIFT_VERSION = 4.0;
				TARGETED_DEVICE_FAMILY = "1,2";
				TEST_HOST = "$(BUILT_PRODUCTS_DIR)/Picker.app/Picker";
			};
			name = Release;
		};
		3DC5987C214AF11A0070DC45 /* Debug */ = {
			isa = XCBuildConfiguration;
			buildSettings = {
				ALWAYS_EMBED_SWIFT_STANDARD_LIBRARIES = YES;
				CODE_SIGN_STYLE = Automatic;
				INFOPLIST_FILE = PickerUITests/Info.plist;
				LD_RUNPATH_SEARCH_PATHS = (
					"$(inherited)",
					"@executable_path/Frameworks",
					"@loader_path/Frameworks",
				);
				PRODUCT_BUNDLE_IDENTIFIER = ulsa.edu.PickerUITests;
				PRODUCT_NAME = "$(TARGET_NAME)";
				SWIFT_VERSION = 4.0;
				TARGETED_DEVICE_FAMILY = "1,2";
				TEST_TARGET_NAME = Picker;
			};
			name = Debug;
		};
		3DC5987D214AF11A0070DC45 /* Release */ = {
			isa = XCBuildConfiguration;
			buildSettings = {
				ALWAYS_EMBED_SWIFT_STANDARD_LIBRARIES = YES;
				CODE_SIGN_STYLE = Automatic;
				INFOPLIST_FILE = PickerUITests/Info.plist;
				LD_RUNPATH_SEARCH_PATHS = (
					"$(inherited)",
					"@executable_path/Frameworks",
					"@loader_path/Frameworks",
				);
				PRODUCT_BUNDLE_IDENTIFIER = ulsa.edu.PickerUITests;
				PRODUCT_NAME = "$(TARGET_NAME)";
				SWIFT_VERSION = 4.0;
				TARGETED_DEVICE_FAMILY = "1,2";
				TEST_TARGET_NAME = Picker;
			};
			name = Release;
		};
/* End XCBuildConfiguration section */

/* Begin XCConfigurationList section */
		3DC59848214AF1150070DC45 /* Build configuration list for PBXProject "Picker" */ = {
			isa = XCConfigurationList;
			buildConfigurations = (
				3DC59873214AF11A0070DC45 /* Debug */,
				3DC59874214AF11A0070DC45 /* Release */,
			);
			defaultConfigurationIsVisible = 0;
			defaultConfigurationName = Release;
		};
		3DC59875214AF11A0070DC45 /* Build configuration list for PBXNativeTarget "Picker" */ = {
			isa = XCConfigurationList;
			buildConfigurations = (
				3DC59876214AF11A0070DC45 /* Debug */,
				3DC59877214AF11A0070DC45 /* Release */,
			);
			defaultConfigurationIsVisible = 0;
			defaultConfigurationName = Release;
		};
		3DC59878214AF11A0070DC45 /* Build configuration list for PBXNativeTarget "PickerTests" */ = {
			isa = XCConfigurationList;
			buildConfigurations = (
				3DC59879214AF11A0070DC45 /* Debug */,
				3DC5987A214AF11A0070DC45 /* Release */,
			);
			defaultConfigurationIsVisible = 0;
			defaultConfigurationName = Release;
		};
		3DC5987B214AF11A0070DC45 /* Build configuration list for PBXNativeTarget "PickerUITests" */ = {
			isa = XCConfigurationList;
			buildConfigurations = (
				3DC5987C214AF11A0070DC45 /* Debug */,
				3DC5987D214AF11A0070DC45 /* Release */,
			);
			defaultConfigurationIsVisible = 0;
			defaultConfigurationName = Release;
		};
/* End XCConfigurationList section */
	};
	rootObject = 3DC59845214AF1150070DC45 /* Project object */;
}
